
Microsoft Visual Studio Solution File, Format Version 12.00
# Visual Studio Version 17
VisualStudioVersion = 17.14.36310.24
MinimumVisualStudioVersion = 10.0.40219.1
Project("{2150E333-8FDC-42A3-9474-1A3956D46DE8}") = "src", "src", "{02EA681E-C7D8-13C7-8484-4AC65E1B71E8}"
EndProject
Project("{2150E333-8FDC-42A3-9474-1A3956D46DE8}") = "API", "API", "{65E055DA-A67D-467A-A814-BDAA510AAA8D}"
EndProject
Project("{2150E333-8FDC-42A3-9474-1A3956D46DE8}") = "Modules", "Modules", "{B88409E8-8968-4CA7-8F5F-80868BB1A997}"
EndProject
Project("{2150E333-8FDC-42A3-9474-1A3956D46DE8}") = "Identity", "Identity", "{DCB00D06-44F8-498F-89A7-6749A9C02346}"
EndProject
Project("{FAE04EC0-301F-11D3-BF4B-00C04F79EFBC}") = "Identity.Domain", "src\Modules\Identity\Identity.Domain\Identity.Domain.csproj", "{BD458E85-937D-4FE6-8C4E-09B62EFF9E3B}"
EndProject
Project("{FAE04EC0-301F-11D3-BF4B-00C04F79EFBC}") = "Identity.Application", "src\Modules\Identity\Identity.Application\Identity.Application.csproj", "{8A0DC43B-0DC0-4426-9A12-F9C37FB5CE99}"
EndProject
Project("{FAE04EC0-301F-11D3-BF4B-00C04F79EFBC}") = "Identity.Infrastructure", "src\Modules\Identity\Identity.Infrastructure\Identity.Infrastructure.csproj", "{AA4E2448-0783-4E09-BEA8-2D44A35EC62F}"
EndProject
Project("{2150E333-8FDC-42A3-9474-1A3956D46DE8}") = "tests", "tests", "{17CE5A32-CD8A-4C60-968A-AA8C8516D33A}"
EndProject
Project("{FAE04EC0-301F-11D3-BF4B-00C04F79EFBC}") = "Domain.Tests", "src\Modules\Identity\Tests\Domain.Tests\Domain.Tests.csproj", "{7C3F9E12-6A4B-4D8E-9F1A-2B5C6D7E8F90}"
EndProject
Project("{FAE04EC0-301F-11D3-BF4B-00C04F79EFBC}") = "WebAPI", "src\API\WebAPI\WebAPI.csproj", "{BC6FD5D8-210E-4906-84F2-8E33BC7662F4}"
EndProject
Project("{FAE04EC0-301F-11D3-BF4B-00C04F79EFBC}") = "HB_ERP.SharedKernel", "HB_ERP.SharedKernel\HB_ERP.SharedKernel.csproj", "{CEF534E8-4F5D-48EF-B059-E5C42BB2C646}"
EndProject
Project("{FAE04EC0-301F-11D3-BF4B-00C04F79EFBC}") = "HB_ERP.SharedKernel.Tests", "HB_ERP.SharedKernel\HB_ERP.SharedKernel.Tests\HB_ERP.SharedKernel.Tests.csproj", "{A9D3C7E1-4F2B-4E8A-9C5D-6B1F3A7E2C4D}"
EndProject
Project("{2150E333-8FDC-42A3-9474-1A3956D46DE8}") = "MasterData", "MasterData", "{EB665D0A-3F14-4445-9FE6-61AF70F29FAD}"
EndProject
Project("{FAE04EC0-301F-11D3-BF4B-00C04F79EFBC}") = "MasterData.Domain", "src\Modules\MasterData\MasterData.Domain\MasterData.Domain.csproj", "{B341D9B6-B16B-48F2-A56A-14F5D45A240B}"
EndProject
Project("{FAE04EC0-301F-11D3-BF4B-00C04F79EFBC}") = "MasterData.Application", "src\Modules\MasterData\MasterData.Application\MasterData.Application.csproj", "{4DCEA6A2-46D4-4A5F-8FB4-BEACE22C4573}"
EndProject
Project("{FAE04EC0-301F-11D3-BF4B-00C04F79EFBC}") = "MasterData.Infrastructure", "src\Modules\MasterData\MasterData.Infrastructure\MasterData.Infrastructure.csproj", "{9E8D7C6B-5A4F-4E3D-8C2B-1A0F9E8D7C6B}"
EndProject
Project("{2150E333-8FDC-42A3-9474-1A3956D46DE8}") = "tests", "tests", "{C4A1E7D2-6B3F-4A8C-9E5D-1F7A3C2B8D6E}"
EndProject
Project("{FAE04EC0-301F-11D3-BF4B-00C04F79EFBC}") = "Domain.Tests", "src\Modules\MasterData\Tests\Domain.Tests\Domain.Tests.csproj", "{5F2A8C3D-7B4E-4A1F-9C6D-3E8A1F5C2B7D}"
EndProject
Project("{2150E333-8FDC-42A3-9474-1A3956D46DE8}") = "Inventory", "Inventory", "{8736EAFF-5EC4-F319-3FA7-9501F7165A1D}"
EndProject
Project("{FAE04EC0-301F-11D3-BF4B-00C04F79EFBC}") = "Inventory.Domain", "src\Modules\Inventory\Inventory.Domain\Inventory.Domain.csproj", "{A379D69C-A293-4DAE-9EAF-B5A4105BFBCF}"
EndProject
Project("{FAE04EC0-301F-11D3-BF4B-00C04F79EFBC}") = "Inventory.Application", "src\Modules\Inventory\Inventory.Application\Inventory.Application.csproj", "{16F2EE21-247D-47B1-8285-E4C9377AC40F}"
EndProject
Project("{FAE04EC0-301F-11D3-BF4B-00C04F79EFBC}") = "Inventory.Integration", "src\Modules\Inventory\Inventory.Integration\Inventory.Integration.csproj", "{DBCA8298-ACC5-4BBD-9781-54050112DBEC}"
EndProject
Project("{FAE04EC0-301F-11D3-BF4B-00C04F79EFBC}") = "Inventory.Infrastructure", "src\Modules\Inventory\Inventory.Infrastructure\Inventory.Infrastructure.csproj", "{8727DA8F-29AB-4BA2-A239-CFAAC461C0CA}"
EndProject
Project("{2150E333-8FDC-42A3-9474-1A3956D46DE8}") = "tests", "tests", "{6E8C11B7-3A3C-4F48-8BC8-016215F41E66}"
EndProject
Project("{FAE04EC0-301F-11D3-BF4B-00C04F79EFBC}") = "Domain.Tests", "src\Modules\Inventory\Tests\Domain.Tests\Domain.Tests.csproj", "{631E672F-74FE-4900-9AEA-2BD286453634}"
EndProject
Project("{FAE04EC0-301F-11D3-BF4B-00C04F79EFBC}") = "Application.Tests", "src\Modules\Inventory\Tests\Application.Tests\Application.Tests.csproj", "{9D4A1E28-3B6C-4A0D-8E7F-1C2B3A4D5E6F}"
EndProject
Project("{2150E333-8FDC-42A3-9474-1A3956D46DE8}") = "SharedKernel", "SharedKernel", "{1C2762E7-3FAC-42FB-B8E3-CDE81A46C30E}"
EndProject
Global
	GlobalSection(SolutionConfigurationPlatforms) = preSolution
		Debug|Any CPU = Debug|Any CPU
		Debug|x64 = Debug|x64
		Debug|x86 = Debug|x86
		Release|Any CPU = Release|Any CPU
		Release|x64 = Release|x64
		Release|x86 = Release|x86
	EndGlobalSection
	GlobalSection(ProjectConfigurationPlatforms) = postSolution
		{BD458E85-937D-4FE6-8C4E-09B62EFF9E3B}.Debug|Any CPU.ActiveCfg = Debug|Any CPU
		{BD458E85-937D-4FE6-8C4E-09B62EFF9E3B}.Debug|Any CPU.Build.0 = Debug|Any CPU
		{BD458E85-937D-4FE6-8C4E-09B62EFF9E3B}.Debug|x64.ActiveCfg = Debug|Any CPU
		{BD458E85-937D-4FE6-8C4E-09B62EFF9E3B}.Debug|x64.Build.0 = Debug|Any CPU
		{BD458E85-937D-4FE6-8C4E-09B62EFF9E3B}.Debug|x86.ActiveCfg = Debug|Any CPU
		{BD458E85-937D-4FE6-8C4E-09B62EFF9E3B}.Debug|x86.Build.0 = Debug|Any CPU
		{BD458E85-937D-4FE6-8C4E-09B62EFF9E3B}.Release|Any CPU.ActiveCfg = Release|Any CPU
		{BD458E85-937D-4FE6-8C4E-09B62EFF9E3B}.Release|Any CPU.Build.0 = Release|Any CPU
		{BD458E85-937D-4FE6-8C4E-09B62EFF9E3B}.Release|x64.ActiveCfg = Release|Any CPU
		{BD458E85-937D-4FE6-8C4E-09B62EFF9E3B}.Release|x64.Build.0 = Release|Any CPU
		{BD458E85-937D-4FE6-8C4E-09B62EFF9E3B}.Release|x86.ActiveCfg = Release|Any CPU
		{BD458E85-937D-4FE6-8C4E-09B62EFF9E3B}.Release|x86.Build.0 = Release|Any CPU
		{8A0DC43B-0DC0-4426-9A12-F9C37FB5CE99}.Debug|Any CPU.ActiveCfg = Debug|Any CPU
		{8A0DC43B-0DC0-4426-9A12-F9C37FB5CE99}.Debug|Any CPU.Build.0 = Debug|Any CPU
		{8A0DC43B-0DC0-4426-9A12-F9C37FB5CE99}.Debug|x64.ActiveCfg = Debug|Any CPU
		{8A0DC43B-0DC0-4426-9A12-F9C37FB5CE99}.Debug|x64.Build.0 = Debug|Any CPU
		{8A0DC43B-0DC0-4426-9A12-F9C37FB5CE99}.Debug|x86.ActiveCfg = Debug|Any CPU
		{8A0DC43B-0DC0-4426-9A12-F9C37FB5CE99}.Debug|x86.Build.0 = Debug|Any CPU
		{8A0DC43B-0DC0-4426-9A12-F9C37FB5CE99}.Release|Any CPU.ActiveCfg = Release|Any CPU
		{8A0DC43B-0DC0-4426-9A12-F9C37FB5CE99}.Release|Any CPU.Build.0 = Release|Any CPU
		{8A0DC43B-0DC0-4426-9A12-F9C37FB5CE99}.Release|x64.ActiveCfg = Release|Any CPU
		{8A0DC43B-0DC0-4426-9A12-F9C37FB5CE99}.Release|x64.Build.0 = Release|Any CPU
		{8A0DC43B-0DC0-4426-9A12-F9C37FB5CE99}.Release|x86.ActiveCfg = Release|Any CPU
		{8A0DC43B-0DC0-4426-9A12-F9C37FB5CE99}.Release|x86.Build.0 = Release|Any CPU
		{AA4E2448-0783-4E09-BEA8-2D44A35EC62F}.Debug|Any CPU.ActiveCfg = Debug|Any CPU
		{AA4E2448-0783-4E09-BEA8-2D44A35EC62F}.Debug|Any CPU.Build.0 = Debug|Any CPU
		{AA4E2448-0783-4E09-BEA8-2D44A35EC62F}.Debug|x64.ActiveCfg = Debug|Any CPU
		{AA4E2448-0783-4E09-BEA8-2D44A35EC62F}.Debug|x64.Build.0 = Debug|Any CPU
		{AA4E2448-0783-4E09-BEA8-2D44A35EC62F}.Debug|x86.ActiveCfg = Debug|Any CPU
		{AA4E2448-0783-4E09-BEA8-2D44A35EC62F}.Debug|x86.Build.0 = Debug|Any CPU
		{AA4E2448-0783-4E09-BEA8-2D44A35EC62F}.Release|Any CPU.ActiveCfg = Release|Any CPU
		{AA4E2448-0783-4E09-BEA8-2D44A35EC62F}.Release|Any CPU.Build.0 = Release|Any CPU
		{AA4E2448-0783-4E09-BEA8-2D44A35EC62F}.Release|x64.ActiveCfg = Release|Any CPU
		{AA4E2448-0783-4E09-BEA8-2D44A35EC62F}.Release|x64.Build.0 = Release|Any CPU
		{AA4E2448-0783-4E09-BEA8-2D44A35EC62F}.Release|x86.ActiveCfg = Release|Any CPU
		{AA4E2448-0783-4E09-BEA8-2D44A35EC62F}.Release|x86.Build.0 = Release|Any CPU
		{BC6FD5D8-210E-4906-84F2-8E33BC7662F4}.Debug|Any CPU.ActiveCfg = Debug|Any CPU
		{BC6FD5D8-210E-4906-84F2-8E33BC7662F4}.Debug|Any CPU.Build.0 = Debug|Any CPU
		{BC6FD5D8-210E-4906-84F2-8E33BC7662F4}.Debug|x64.ActiveCfg = Debug|Any CPU
		{BC6FD5D8-210E-4906-84F2-8E33BC7662F4}.Debug|x64.Build.0 = Debug|Any CPU
		{BC6FD5D8-210E-4906-84F2-8E33BC7662F4}.Debug|x86.ActiveCfg = Debug|Any CPU
		{BC6FD5D8-210E-4906-84F2-8E33BC7662F4}.Debug|x86.Build.0 = Debug|Any CPU
		{BC6FD5D8-210E-4906-84F2-8E33BC7662F4}.Release|Any CPU.ActiveCfg = Release|Any CPU
		{BC6FD5D8-210E-4906-84F2-8E33BC7662F4}.Release|Any CPU.Build.0 = Release|Any CPU
		{BC6FD5D8-210E-4906-84F2-8E33BC7662F4}.Release|x64.ActiveCfg = Release|Any CPU
		{BC6FD5D8-210E-4906-84F2-8E33BC7662F4}.Release|x64.Build.0 = Release|Any CPU
		{BC6FD5D8-210E-4906-84F2-8E33BC7662F4}.Release|x86.ActiveCfg = Release|Any CPU
		{BC6FD5D8-210E-4906-84F2-8E33BC7662F4}.Release|x86.Build.0 = Release|Any CPU
		{CEF534E8-4F5D-48EF-B059-E5C42BB2C646}.Debug|Any CPU.ActiveCfg = Debug|Any CPU
		{CEF534E8-4F5D-48EF-B059-E5C42BB2C646}.Debug|Any CPU.Build.0 = Debug|Any CPU
		{CEF534E8-4F5D-48EF-B059-E5C42BB2C646}.Debug|x64.ActiveCfg = Debug|Any CPU
		{CEF534E8-4F5D-48EF-B059-E5C42BB2C646}.Debug|x64.Build.0 = Debug|Any CPU
		{CEF534E8-4F5D-48EF-B059-E5C42BB2C646}.Debug|x86.ActiveCfg = Debug|Any CPU
		{CEF534E8-4F5D-48EF-B059-E5C42BB2C646}.Debug|x86.Build.0 = Debug|Any CPU
		{CEF534E8-4F5D-48EF-B059-E5C42BB2C646}.Release|Any CPU.ActiveCfg = Release|Any CPU
		{CEF534E8-4F5D-48EF-B059-E5C42BB2C646}.Release|Any CPU.Build.0 = Release|Any CPU
		{CEF534E8-4F5D-48EF-B059-E5C42BB2C646}.Release|x64.ActiveCfg = Release|Any CPU
		{CEF534E8-4F5D-48EF-B059-E5C42BB2C646}.Release|x64.Build.0 = Release|Any CPU
		{CEF534E8-4F5D-48EF-B059-E5C42BB2C646}.Release|x86.ActiveCfg = Release|Any CPU
		{CEF534E8-4F5D-48EF-B059-E5C42BB2C646}.Release|x86.Build.0 = Release|Any CPU
		{A9D3C7E1-4F2B-4E8A-9C5D-6B1F3A7E2C4D}.Debug|Any CPU.ActiveCfg = Debug|Any CPU
		{A9D3C7E1-4F2B-4E8A-9C5D-6B1F3A7E2C4D}.Debug|Any CPU.Build.0 = Debug|Any CPU
		{A9D3C7E1-4F2B-4E8A-9C5D-6B1F3A7E2C4D}.Debug|x64.ActiveCfg = Debug|Any CPU
		{A9D3C7E1-4F2B-4E8A-9C5D-6B1F3A7E2C4D}.Debug|x64.Build.0 = Debug|Any CPU
		{A9D3C7E1-4F2B-4E8A-9C5D-6B1F3A7E2C4D}.Debug|x86.ActiveCfg = Debug|Any CPU
		{A9D3C7E1-4F2B-4E8A-9C5D-6B1F3A7E2C4D}.Debug|x86.Build.0 = Debug|Any CPU
		{A9D3C7E1-4F2B-4E8A-9C5D-6B1F3A7E2C4D}.Release|Any CPU.ActiveCfg = Release|Any CPU
		{A9D3C7E1-4F2B-4E8A-9C5D-6B1F3A7E2C4D}.Release|Any CPU.Build.0 = Release|Any CPU
		{A9D3C7E1-4F2B-4E8A-9C5D-6B1F3A7E2C4D}.Release|x64.ActiveCfg = Release|Any CPU
		{A9D3C7E1-4F2B-4E8A-9C5D-6B1F3A7E2C4D}.Release|x64.Build.0 = Release|Any CPU
		{A9D3C7E1-4F2B-4E8A-9C5D-6B1F3A7E2C4D}.Release|x86.ActiveCfg = Release|Any CPU
		{A9D3C7E1-4F2B-4E8A-9C5D-6B1F3A7E2C4D}.Release|x86.Build.0 = Release|Any CPU
		{B341D9B6-B16B-48F2-A56A-14F5D45A240B}.Debug|Any CPU.ActiveCfg = Debug|Any CPU
		{B341D9B6-B16B-48F2-A56A-14F5D45A240B}.Debug|Any CPU.Build.0 = Debug|Any CPU
		{B341D9B6-B16B-48F2-A56A-14F5D45A240B}.Debug|x64.ActiveCfg = Debug|Any CPU
		{B341D9B6-B16B-48F2-A56A-14F5D45A240B}.Debug|x64.Build.0 = Debug|Any CPU
		{B341D9B6-B16B-48F2-A56A-14F5D45A240B}.Debug|x86.ActiveCfg = Debug|Any CPU
		{B341D9B6-B16B-48F2-A56A-14F5D45A240B}.Debug|x86.Build.0 = Debug|Any CPU
		{B341D9B6-B16B-48F2-A56A-14F5D45A240B}.Release|Any CPU.ActiveCfg = Release|Any CPU
		{B341D9B6-B16B-48F2-A56A-14F5D45A240B}.Release|Any CPU.Build.0 = Release|Any CPU
		{B341D9B6-B16B-48F2-A56A-14F5D45A240B}.Release|x64.ActiveCfg = Release|Any CPU
		{B341D9B6-B16B-48F2-A56A-14F5D45A240B}.Release|x64.Build.0 = Release|Any CPU
		{B341D9B6-B16B-48F2-A56A-14F5D45A240B}.Release|x86.ActiveCfg = Release|Any CPU
		{B341D9B6-B16B-48F2-A56A-14F5D45A240B}.Release|x86.Build.0 = Release|Any CPU
		{4DCEA6A2-46D4-4A5F-8FB4-BEACE22C4573}.Debug|Any CPU.ActiveCfg = Debug|Any CPU
		{4DCEA6A2-46D4-4A5F-8FB4-BEACE22C4573}.Debug|Any CPU.Build.0 = Debug|Any CPU
		{4DCEA6A2-46D4-4A5F-8FB4-BEACE22C4573}.Debug|x64.ActiveCfg = Debug|Any CPU
		{4DCEA6A2-46D4-4A5F-8FB4-BEACE22C4573}.Debug|x64.Build.0 = Debug|Any CPU
		{4DCEA6A2-46D4-4A5F-8FB4-BEACE22C4573}.Debug|x86.ActiveCfg = Debug|Any CPU
		{4DCEA6A2-46D4-4A5F-8FB4-BEACE22C4573}.Debug|x86.Build.0 = Debug|Any CPU
		{4DCEA6A2-46D4-4A5F-8FB4-BEACE22C4573}.Release|Any CPU.ActiveCfg = Release|Any CPU
		{4DCEA6A2-46D4-4A5F-8FB4-BEACE22C4573}.Release|Any CPU.Build.0 = Release|Any CPU
		{4DCEA6A2-46D4-4A5F-8FB4-BEACE22C4573}.Release|x64.ActiveCfg = Release|Any CPU
		{4DCEA6A2-46D4-4A5F-8FB4-BEACE22C4573}.Release|x64.Build.0 = Release|Any CPU
		{4DCEA6A2-46D4-4A5F-8FB4-BEACE22C4573}.Release|x86.ActiveCfg = Release|Any CPU
		{4DCEA6A2-46D4-4A5F-8FB4-BEACE22C4573}.Release|x86.Build.0 = Release|Any CPU
		{9E8D7C6B-5A4F-4E3D-8C2B-1A0F9E8D7C6B}.Debug|Any CPU.ActiveCfg = Debug|Any CPU
		{9E8D7C6B-5A4F-4E3D-8C2B-1A0F9E8D7C6B}.Debug|Any CPU.Build.0 = Debug|Any CPU
		{9E8D7C6B-5A4F-4E3D-8C2B-1A0F9E8D7C6B}.Debug|x64.ActiveCfg = Debug|Any CPU
		{9E8D7C6B-5A4F-4E3D-8C2B-1A0F9E8D7C6B}.Debug|x64.Build.0 = Debug|Any CPU
		{9E8D7C6B-5A4F-4E3D-8C2B-1A0F9E8D7C6B}.Debug|x86.ActiveCfg = Debug|Any CPU
		{9E8D7C6B-5A4F-4E3D-8C2B-1A0F9E8D7C6B}.Debug|x86.Build.0 = Debug|Any CPU
		{9E8D7C6B-5A4F-4E3D-8C2B-1A0F9E8D7C6B}.Release|Any CPU.ActiveCfg = Release|Any CPU
		{9E8D7C6B-5A4F-4E3D-8C2B-1A0F9E8D7C6B}.Release|Any CPU.Build.0 = Release|Any CPU
		{9E8D7C6B-5A4F-4E3D-8C2B-1A0F9E8D7C6B}.Release|x64.ActiveCfg = Release|Any CPU
		{9E8D7C6B-5A4F-4E3D-8C2B-1A0F9E8D7C6B}.Release|x64.Build.0 = Release|Any CPU
		{9E8D7C6B-5A4F-4E3D-8C2B-1A0F9E8D7C6B}.Release|x86.ActiveCfg = Release|Any CPU
		{9E8D7C6B-5A4F-4E3D-8C2B-1A0F9E8D7C6B}.Release|x86.Build.0 = Release|Any CPU
		{5F2A8C3D-7B4E-4A1F-9C6D-3E8A1F5C2B7D}.Debug|Any CPU.ActiveCfg = Debug|Any CPU
		{5F2A8C3D-7B4E-4A1F-9C6D-3E8A1F5C2B7D}.Debug|Any CPU.Build.0 = Debug|Any CPU
		{5F2A8C3D-7B4E-4A1F-9C6D-3E8A1F5C2B7D}.Debug|x64.ActiveCfg = Debug|Any CPU
		{5F2A8C3D-7B4E-4A1F-9C6D-3E8A1F5C2B7D}.Debug|x64.Build.0 = Debug|Any CPU
		{5F2A8C3D-7B4E-4A1F-9C6D-3E8A1F5C2B7D}.Debug|x86.ActiveCfg = Debug|Any CPU
		{5F2A8C3D-7B4E-4A1F-9C6D-3E8A1F5C2B7D}.Debug|x86.Build.0 = Debug|Any CPU
		{5F2A8C3D-7B4E-4A1F-9C6D-3E8A1F5C2B7D}.Release|Any CPU.ActiveCfg = Release|Any CPU
		{5F2A8C3D-7B4E-4A1F-9C6D-3E8A1F5C2B7D}.Release|Any CPU.Build.0 = Release|Any CPU
		{5F2A8C3D-7B4E-4A1F-9C6D-3E8A1F5C2B7D}.Release|x64.ActiveCfg = Release|Any CPU
		{5F2A8C3D-7B4E-4A1F-9C6D-3E8A1F5C2B7D}.Release|x64.Build.0 = Release|Any CPU
		{5F2A8C3D-7B4E-4A1F-9C6D-3E8A1F5C2B7D}.Release|x86.ActiveCfg = Release|Any CPU
		{5F2A8C3D-7B4E-4A1F-9C6D-3E8A1F5C2B7D}.Release|x86.Build.0 = Release|Any CPU
		{A379D69C-A293-4DAE-9EAF-B5A4105BFBCF}.Debug|Any CPU.ActiveCfg = Debug|Any CPU
		{A379D69C-A293-4DAE-9EAF-B5A4105BFBCF}.Debug|Any CPU.Build.0 = Debug|Any CPU
		{A379D69C-A293-4DAE-9EAF-B5A4105BFBCF}.Debug|x64.ActiveCfg = Debug|Any CPU
		{A379D69C-A293-4DAE-9EAF-B5A4105BFBCF}.Debug|x64.Build.0 = Debug|Any CPU
		{A379D69C-A293-4DAE-9EAF-B5A4105BFBCF}.Debug|x86.ActiveCfg = Debug|Any CPU
		{A379D69C-A293-4DAE-9EAF-B5A4105BFBCF}.Debug|x86.Build.0 = Debug|Any CPU
		{A379D69C-A293-4DAE-9EAF-B5A4105BFBCF}.Release|Any CPU.ActiveCfg = Release|Any CPU
		{A379D69C-A293-4DAE-9EAF-B5A4105BFBCF}.Release|Any CPU.Build.0 = Release|Any CPU
		{A379D69C-A293-4DAE-9EAF-B5A4105BFBCF}.Release|x64.ActiveCfg = Release|Any CPU
		{A379D69C-A293-4DAE-9EAF-B5A4105BFBCF}.Release|x64.Build.0 = Release|Any CPU
		{A379D69C-A293-4DAE-9EAF-B5A4105BFBCF}.Release|x86.ActiveCfg = Release|Any CPU
		{A379D69C-A293-4DAE-9EAF-B5A4105BFBCF}.Release|x86.Build.0 = Release|Any CPU
		{16F2EE21-247D-47B1-8285-E4C9377AC40F}.Debug|Any CPU.ActiveCfg = Debug|Any CPU
		{16F2EE21-247D-47B1-8285-E4C9377AC40F}.Debug|Any CPU.Build.0 = Debug|Any CPU
		{16F2EE21-247D-47B1-8285-E4C9377AC40F}.Debug|x64.ActiveCfg = Debug|Any CPU
		{16F2EE21-247D-47B1-8285-E4C9377AC40F}.Debug|x64.Build.0 = Debug|Any CPU
		{16F2EE21-247D-47B1-8285-E4C9377AC40F}.Debug|x86.ActiveCfg = Debug|Any CPU
		{16F2EE21-247D-47B1-8285-E4C9377AC40F}.Debug|x86.Build.0 = Debug|Any CPU
		{16F2EE21-247D-47B1-8285-E4C9377AC40F}.Release|Any CPU.ActiveCfg = Release|Any CPU
		{16F2EE21-247D-47B1-8285-E4C9377AC40F}.Release|Any CPU.Build.0 = Release|Any CPU
		{16F2EE21-247D-47B1-8285-E4C9377AC40F}.Release|x64.ActiveCfg = Release|Any CPU
		{16F2EE21-247D-47B1-8285-E4C9377AC40F}.Release|x64.Build.0 = Release|Any CPU
		{16F2EE21-247D-47B1-8285-E4C9377AC40F}.Release|x86.ActiveCfg = Release|Any CPU
		{16F2EE21-247D-47B1-8285-E4C9377AC40F}.Release|x86.Build.0 = Release|Any CPU
		{DBCA8298-ACC5-4BBD-9781-54050112DBEC}.Debug|Any CPU.ActiveCfg = Debug|Any CPU
		{DBCA8298-ACC5-4BBD-9781-54050112DBEC}.Debug|Any CPU.Build.0 = Debug|Any CPU
		{DBCA8298-ACC5-4BBD-9781-54050112DBEC}.Debug|x64.ActiveCfg = Debug|Any CPU
		{DBCA8298-ACC5-4BBD-9781-54050112DBEC}.Debug|x64.Build.0 = Debug|Any CPU
		{DBCA8298-ACC5-4BBD-9781-54050112DBEC}.Debug|x86.ActiveCfg = Debug|Any CPU
		{DBCA8298-ACC5-4BBD-9781-54050112DBEC}.Debug|x86.Build.0 = Debug|Any CPU
		{DBCA8298-ACC5-4BBD-9781-54050112DBEC}.Release|Any CPU.ActiveCfg = Release|Any CPU
		{DBCA8298-ACC5-4BBD-9781-54050112DBEC}.Release|Any CPU.Build.0 = Release|Any CPU
		{DBCA8298-ACC5-4BBD-9781-54050112DBEC}.Release|x64.ActiveCfg = Release|Any CPU
		{DBCA8298-ACC5-4BBD-9781-54050112DBEC}.Release|x64.Build.0 = Release|Any CPU
		{DBCA8298-ACC5-4BBD-9781-54050112DBEC}.Release|x86.ActiveCfg = Release|Any CPU
		{DBCA8298-ACC5-4BBD-9781-54050112DBEC}.Release|x86.Build.0 = Release|Any CPU
		{8727DA8F-29AB-4BA2-A239-CFAAC461C0CA}.Debug|Any CPU.ActiveCfg = Debug|Any CPU
		{8727DA8F-29AB-4BA2-A239-CFAAC461C0CA}.Debug|Any CPU.Build.0 = Debug|Any CPU
		{8727DA8F-29AB-4BA2-A239-CFAAC461C0CA}.Debug|x64.ActiveCfg = Debug|Any CPU
		{8727DA8F-29AB-4BA2-A239-CFAAC461C0CA}.Debug|x64.Build.0 = Debug|Any CPU
		{8727DA8F-29AB-4BA2-A239-CFAAC461C0CA}.Debug|x86.ActiveCfg = Debug|Any CPU
		{8727DA8F-29AB-4BA2-A239-CFAAC461C0CA}.Debug|x86.Build.0 = Debug|Any CPU
		{8727DA8F-29AB-4BA2-A239-CFAAC461C0CA}.Release|Any CPU.ActiveCfg = Release|Any CPU
		{8727DA8F-29AB-4BA2-A239-CFAAC461C0CA}.Release|Any CPU.Build.0 = Release|Any CPU
		{8727DA8F-29AB-4BA2-A239-CFAAC461C0CA}.Release|x64.ActiveCfg = Release|Any CPU
		{8727DA8F-29AB-4BA2-A239-CFAAC461C0CA}.Release|x64.Build.0 = Release|Any CPU
		{8727DA8F-29AB-4BA2-A239-CFAAC461C0CA}.Release|x86.ActiveCfg = Release|Any CPU
		{8727DA8F-29AB-4BA2-A239-CFAAC461C0CA}.Release|x86.Build.0 = Release|Any CPU
		{631E672F-74FE-4900-9AEA-2BD286453634}.Debug|Any CPU.ActiveCfg = Debug|Any CPU
		{631E672F-74FE-4900-9AEA-2BD286453634}.Debug|Any CPU.Build.0 = Debug|Any CPU
		{631E672F-74FE-4900-9AEA-2BD286453634}.Debug|x64.ActiveCfg = Debug|Any CPU
		{631E672F-74FE-4900-9AEA-2BD286453634}.Debug|x64.Build.0 = Debug|Any CPU
		{631E672F-74FE-4900-9AEA-2BD286453634}.Debug|x86.ActiveCfg = Debug|Any CPU
		{631E672F-74FE-4900-9AEA-2BD286453634}.Debug|x86.Build.0 = Debug|Any CPU
		{631E672F-74FE-4900-9AEA-2BD286453634}.Release|Any CPU.ActiveCfg = Release|Any CPU
		{631E672F-74FE-4900-9AEA-2BD286453634}.Release|Any CPU.Build.0 = Release|Any CPU
		{631E672F-74FE-4900-9AEA-2BD286453634}.Release|x64.ActiveCfg = Release|Any CPU
		{631E672F-74FE-4900-9AEA-2BD286453634}.Release|x64.Build.0 = Release|Any CPU
		{631E672F-74FE-4900-9AEA-2BD286453634}.Release|x86.ActiveCfg = Release|Any CPU
		{631E672F-74FE-4900-9AEA-2BD286453634}.Release|x86.Build.0 = Release|Any CPU
		{7C3F9E12-6A4B-4D8E-9F1A-2B5C6D7E8F90}.Debug|Any CPU.ActiveCfg = Debug|Any CPU
		{7C3F9E12-6A4B-4D8E-9F1A-2B5C6D7E8F90}.Debug|Any CPU.Build.0 = Debug|Any CPU
		{7C3F9E12-6A4B-4D8E-9F1A-2B5C6D7E8F90}.Debug|x64.ActiveCfg = Debug|Any CPU
		{7C3F9E12-6A4B-4D8E-9F1A-2B5C6D7E8F90}.Debug|x64.Build.0 = Debug|Any CPU
		{7C3F9E12-6A4B-4D8E-9F1A-2B5C6D7E8F90}.Debug|x86.ActiveCfg = Debug|Any CPU
		{7C3F9E12-6A4B-4D8E-9F1A-2B5C6D7E8F90}.Debug|x86.Build.0 = Debug|Any CPU
		{7C3F9E12-6A4B-4D8E-9F1A-2B5C6D7E8F90}.Release|Any CPU.ActiveCfg = Release|Any CPU
		{7C3F9E12-6A4B-4D8E-9F1A-2B5C6D7E8F90}.Release|Any CPU.Build.0 = Release|Any CPU
		{7C3F9E12-6A4B-4D8E-9F1A-2B5C6D7E8F90}.Release|x64.ActiveCfg = Release|Any CPU
		{7C3F9E12-6A4B-4D8E-9F1A-2B5C6D7E8F90}.Release|x64.Build.0 = Release|Any CPU
		{7C3F9E12-6A4B-4D8E-9F1A-2B5C6D7E8F90}.Release|x86.ActiveCfg = Release|Any CPU
		{7C3F9E12-6A4B-4D8E-9F1A-2B5C6D7E8F90}.Release|x86.Build.0 = Release|Any CPU
		{9D4A1E28-3B6C-4A0D-8E7F-1C2B3A4D5E6F}.Debug|Any CPU.ActiveCfg = Debug|Any CPU
		{9D4A1E28-3B6C-4A0D-8E7F-1C2B3A4D5E6F}.Debug|Any CPU.Build.0 = Debug|Any CPU
		{9D4A1E28-3B6C-4A0D-8E7F-1C2B3A4D5E6F}.Debug|x64.ActiveCfg = Debug|Any CPU
		{9D4A1E28-3B6C-4A0D-8E7F-1C2B3A4D5E6F}.Debug|x64.Build.0 = Debug|Any CPU
		{9D4A1E28-3B6C-4A0D-8E7F-1C2B3A4D5E6F}.Debug|x86.ActiveCfg = Debug|Any CPU
		{9D4A1E28-3B6C-4A0D-8E7F-1C2B3A4D5E6F}.Debug|x86.Build.0 = Debug|Any CPU
		{9D4A1E28-3B6C-4A0D-8E7F-1C2B3A4D5E6F}.Release|Any CPU.ActiveCfg = Release|Any CPU
		{9D4A1E28-3B6C-4A0D-8E7F-1C2B3A4D5E6F}.Release|Any CPU.Build.0 = Release|Any CPU
		{9D4A1E28-3B6C-4A0D-8E7F-1C2B3A4D5E6F}.Release|x64.ActiveCfg = Release|Any CPU
		{9D4A1E28-3B6C-4A0D-8E7F-1C2B3A4D5E6F}.Release|x64.Build.0 = Release|Any CPU
		{9D4A1E28-3B6C-4A0D-8E7F-1C2B3A4D5E6F}.Release|x86.ActiveCfg = Release|Any CPU
		{9D4A1E28-3B6C-4A0D-8E7F-1C2B3A4D5E6F}.Release|x86.Build.0 = Release|Any CPU
	EndGlobalSection
	GlobalSection(SolutionProperties) = preSolution
		HideSolutionNode = FALSE
	EndGlobalSection
	GlobalSection(NestedProjects) = preSolution
		{65E055DA-A67D-467A-A814-BDAA510AAA8D} = {02EA681E-C7D8-13C7-8484-4AC65E1B71E8}
		{B88409E8-8968-4CA7-8F5F-80868BB1A997} = {02EA681E-C7D8-13C7-8484-4AC65E1B71E8}
		{DCB00D06-44F8-498F-89A7-6749A9C02346} = {B88409E8-8968-4CA7-8F5F-80868BB1A997}
		{BD458E85-937D-4FE6-8C4E-09B62EFF9E3B} = {DCB00D06-44F8-498F-89A7-6749A9C02346}
		{8A0DC43B-0DC0-4426-9A12-F9C37FB5CE99} = {DCB00D06-44F8-498F-89A7-6749A9C02346}
		{AA4E2448-0783-4E09-BEA8-2D44A35EC62F} = {DCB00D06-44F8-498F-89A7-6749A9C02346}
		{17CE5A32-CD8A-4C60-968A-AA8C8516D33A} = {DCB00D06-44F8-498F-89A7-6749A9C02346}
		{7C3F9E12-6A4B-4D8E-9F1A-2B5C6D7E8F90} = {17CE5A32-CD8A-4C60-968A-AA8C8516D33A}
		{BC6FD5D8-210E-4906-84F2-8E33BC7662F4} = {65E055DA-A67D-467A-A814-BDAA510AAA8D}
		{CEF534E8-4F5D-48EF-B059-E5C42BB2C646} = {1C2762E7-3FAC-42FB-B8E3-CDE81A46C30E}
		{A9D3C7E1-4F2B-4E8A-9C5D-6B1F3A7E2C4D} = {1C2762E7-3FAC-42FB-B8E3-CDE81A46C30E}
		{EB665D0A-3F14-4445-9FE6-61AF70F29FAD} = {B88409E8-8968-4CA7-8F5F-80868BB1A997}
		{B341D9B6-B16B-48F2-A56A-14F5D45A240B} = {EB665D0A-3F14-4445-9FE6-61AF70F29FAD}
		{4DCEA6A2-46D4-4A5F-8FB4-BEACE22C4573} = {EB665D0A-3F14-4445-9FE6-61AF70F29FAD}
		{9E8D7C6B-5A4F-4E3D-8C2B-1A0F9E8D7C6B} = {EB665D0A-3F14-4445-9FE6-61AF70F29FAD}
		{C4A1E7D2-6B3F-4A8C-9E5D-1F7A3C2B8D6E} = {EB665D0A-3F14-4445-9FE6-61AF70F29FAD}
		{5F2A8C3D-7B4E-4A1F-9C6D-3E8A1F5C2B7D} = {C4A1E7D2-6B3F-4A8C-9E5D-1F7A3C2B8D6E}
		{8736EAFF-5EC4-F319-3FA7-9501F7165A1D} = {B88409E8-8968-4CA7-8F5F-80868BB1A997}
		{A379D69C-A293-4DAE-9EAF-B5A4105BFBCF} = {8736EAFF-5EC4-F319-3FA7-9501F7165A1D}
		{16F2EE21-247D-47B1-8285-E4C9377AC40F} = {8736EAFF-5EC4-F319-3FA7-9501F7165A1D}
		{DBCA8298-ACC5-4BBD-9781-54050112DBEC} = {8736EAFF-5EC4-F319-3FA7-9501F7165A1D}
		{8727DA8F-29AB-4BA2-A239-CFAAC461C0CA} = {8736EAFF-5EC4-F319-3FA7-9501F7165A1D}
		{6E8C11B7-3A3C-4F48-8BC8-016215F41E66} = {8736EAFF-5EC4-F319-3FA7-9501F7165A1D}
		{631E672F-74FE-4900-9AEA-2BD286453634} = {6E8C11B7-3A3C-4F48-8BC8-016215F41E66}
		{9D4A1E28-3B6C-4A0D-8E7F-1C2B3A4D5E6F} = {6E8C11B7-3A3C-4F48-8BC8-016215F41E66}
	EndGlobalSection
	GlobalSection(ExtensibilityGlobals) = postSolution
		SolutionGuid = {6BCCA375-BA53-4847-8948-C64C513C37B8}
	EndGlobalSection
EndGlobal
